
Microsoft Visual Studio Solution File, Format Version 12.00
# Visual Studio 15
VisualStudioVersion = 15.0.26124.0
MinimumVisualStudioVersion = 15.0.26124.0
Project("{2150E333-8FDC-42A3-9474-1A3956D46DE8}") = "src", "src", "{ABDC290C-5D21-4112-A0D2-C62678D09267}"
EndProject
Project("{FAE04EC0-301F-11D3-BF4B-00C04F79EFBC}") = "JHipsterNet", "src\JHipsterNet\JHipsterNet.csproj", "{B9EA7303-D8D6-46C7-8A0D-DA945D3F774A}"
EndProject
Project("{FAE04EC0-301F-11D3-BF4B-00C04F79EFBC}") = "Devopsdeploy", "src\Devopsdeploy\Devopsdeploy.csproj", "{2F31A8B7-1713-4486-BACE-FD57E6E5A743}"
EndProject
Project("{2150E333-8FDC-42A3-9474-1A3956D46DE8}") = "test", "test", "{9AEF20F9-9A25-4B97-AB8C-D01782995DE7}"
EndProject
Project("{FAE04EC0-301F-11D3-BF4B-00C04F79EFBC}") = "Devopsdeploy.Test", "test\Devopsdeploy.Test\Devopsdeploy.Test.csproj", "{3721E271-C927-458F-AAD7-20757E4B7256}"
EndProject
Global
	GlobalSection(SolutionConfigurationPlatforms) = preSolution
		Debug|Any CPU = Debug|Any CPU
		Debug|x64 = Debug|x64
		Debug|x86 = Debug|x86
		Release|Any CPU = Release|Any CPU
		Release|x64 = Release|x64
		Release|x86 = Release|x86
	EndGlobalSection
	GlobalSection(SolutionProperties) = preSolution
		HideSolutionNode = FALSE
	EndGlobalSection
	GlobalSection(ProjectConfigurationPlatforms) = postSolution
		{B9EA7303-D8D6-46C7-8A0D-DA945D3F774A}.Debug|Any CPU.ActiveCfg = Debug|Any CPU
		{B9EA7303-D8D6-46C7-8A0D-DA945D3F774A}.Debug|Any CPU.Build.0 = Debug|Any CPU
		{B9EA7303-D8D6-46C7-8A0D-DA945D3F774A}.Debug|x64.ActiveCfg = Debug|Any CPU
		{B9EA7303-D8D6-46C7-8A0D-DA945D3F774A}.Debug|x64.Build.0 = Debug|Any CPU
		{B9EA7303-D8D6-46C7-8A0D-DA945D3F774A}.Debug|x86.ActiveCfg = Debug|Any CPU
		{B9EA7303-D8D6-46C7-8A0D-DA945D3F774A}.Debug|x86.Build.0 = Debug|Any CPU
		{B9EA7303-D8D6-46C7-8A0D-DA945D3F774A}.Release|Any CPU.ActiveCfg = Release|Any CPU
		{B9EA7303-D8D6-46C7-8A0D-DA945D3F774A}.Release|Any CPU.Build.0 = Release|Any CPU
		{B9EA7303-D8D6-46C7-8A0D-DA945D3F774A}.Release|x64.ActiveCfg = Release|Any CPU
		{B9EA7303-D8D6-46C7-8A0D-DA945D3F774A}.Release|x64.Build.0 = Release|Any CPU
		{B9EA7303-D8D6-46C7-8A0D-DA945D3F774A}.Release|x86.ActiveCfg = Release|Any CPU
		{B9EA7303-D8D6-46C7-8A0D-DA945D3F774A}.Release|x86.Build.0 = Release|Any CPU
		{2F31A8B7-1713-4486-BACE-FD57E6E5A743}.Debug|Any CPU.ActiveCfg = Debug|Any CPU
		{2F31A8B7-1713-4486-BACE-FD57E6E5A743}.Debug|Any CPU.Build.0 = Debug|Any CPU
		{2F31A8B7-1713-4486-BACE-FD57E6E5A743}.Debug|x64.ActiveCfg = Debug|Any CPU
		{2F31A8B7-1713-4486-BACE-FD57E6E5A743}.Debug|x64.Build.0 = Debug|Any CPU
		{2F31A8B7-1713-4486-BACE-FD57E6E5A743}.Debug|x86.ActiveCfg = Debug|Any CPU
		{2F31A8B7-1713-4486-BACE-FD57E6E5A743}.Debug|x86.Build.0 = Debug|Any CPU
		{2F31A8B7-1713-4486-BACE-FD57E6E5A743}.Release|Any CPU.ActiveCfg = Release|Any CPU
		{2F31A8B7-1713-4486-BACE-FD57E6E5A743}.Release|Any CPU.Build.0 = Release|Any CPU
		{2F31A8B7-1713-4486-BACE-FD57E6E5A743}.Release|x64.ActiveCfg = Release|Any CPU
		{2F31A8B7-1713-4486-BACE-FD57E6E5A743}.Release|x64.Build.0 = Release|Any CPU
		{2F31A8B7-1713-4486-BACE-FD57E6E5A743}.Release|x86.ActiveCfg = Release|Any CPU
		{2F31A8B7-1713-4486-BACE-FD57E6E5A743}.Release|x86.Build.0 = Release|Any CPU
		{3721E271-C927-458F-AAD7-20757E4B7256}.Debug|Any CPU.ActiveCfg = Debug|Any CPU
		{3721E271-C927-458F-AAD7-20757E4B7256}.Debug|Any CPU.Build.0 = Debug|Any CPU
		{3721E271-C927-458F-AAD7-20757E4B7256}.Debug|x64.ActiveCfg = Debug|Any CPU
		{3721E271-C927-458F-AAD7-20757E4B7256}.Debug|x64.Build.0 = Debug|Any CPU
		{3721E271-C927-458F-AAD7-20757E4B7256}.Debug|x86.ActiveCfg = Debug|Any CPU
		{3721E271-C927-458F-AAD7-20757E4B7256}.Debug|x86.Build.0 = Debug|Any CPU
		{3721E271-C927-458F-AAD7-20757E4B7256}.Release|Any CPU.ActiveCfg = Release|Any CPU
		{3721E271-C927-458F-AAD7-20757E4B7256}.Release|Any CPU.Build.0 = Release|Any CPU
		{3721E271-C927-458F-AAD7-20757E4B7256}.Release|x64.ActiveCfg = Release|Any CPU
		{3721E271-C927-458F-AAD7-20757E4B7256}.Release|x64.Build.0 = Release|Any CPU
		{3721E271-C927-458F-AAD7-20757E4B7256}.Release|x86.ActiveCfg = Release|Any CPU
		{3721E271-C927-458F-AAD7-20757E4B7256}.Release|x86.Build.0 = Release|Any CPU
	EndGlobalSection
	GlobalSection(NestedProjects) = preSolution
		{B9EA7303-D8D6-46C7-8A0D-DA945D3F774A} = {ABDC290C-5D21-4112-A0D2-C62678D09267}
		{2F31A8B7-1713-4486-BACE-FD57E6E5A743} = {ABDC290C-5D21-4112-A0D2-C62678D09267}
		{3721E271-C927-458F-AAD7-20757E4B7256} = {9AEF20F9-9A25-4B97-AB8C-D01782995DE7}
	EndGlobalSection
EndGlobal
